PODS:
  - FontAwesome.swift (1.9.0)
  - SwiftLint (0.39.2)

DEPENDENCIES:
  - FontAwesome.swift
  - SwiftLint

SPEC REPOS:
  trunk:
    - FontAwesome.swift
    - SwiftLint

SPEC CHECKSUMS:
  FontAwesome.swift: a403b88cec950511745ba8f2decd1b6a07346d13
  SwiftLint: 22ccbbe3b8008684be5955693bab135e0ed6a447

PODFILE CHECKSUM: 63f710a22d7531e37407d159df55d8d7e2e0d915

COCOAPODS: 1.9.1
